
Microsoft Visual Studio Solution File, Format Version 11.00
# Visual C++ Express 2010
Project("{8BC9CEB8-8B4A-11D0-8D11-00A0C91BC942}") = "○✕ゲーム", "○✕ゲーム\○✕ゲーム.vcxproj", "{368E5B43-6548-49BE-86F9-224E91F287A8}"
EndProject
Global
	GlobalSection(SolutionConfigurationPlatforms) = preSolution
		Debug|Win32 = Debug|Win32
		Release|Win32 = Release|Win32
	EndGlobalSection
	GlobalSection(ProjectConfigurationPlatforms) = postSolution
		{368E5B43-6548-49BE-86F9-224E91F287A8}.Debug|Win32.ActiveCfg = Debug|Win32
		{368E5B43-6548-49BE-86F9-224E91F287A8}.Debug|Win32.Build.0 = Debug|Win32
		{368E5B43-6548-49BE-86F9-224E91F287A8}.Release|Win32.ActiveCfg = Release|Win32
		{368E5B43-6548-49BE-86F9-224E91F287A8}.Release|Win32.Build.0 = Release|Win32
	EndGlobalSection
	GlobalSection(SolutionProperties) = preSolution
		HideSolutionNode = FALSE
	EndGlobalSection
EndGlobal
